
Microsoft Visual Studio Solution File, Format Version 12.00
# Visual Studio Version 17
VisualStudioVersion = 17.4.33110.190
MinimumVisualStudioVersion = 10.0.40219.1
Project("{FAE04EC0-301F-11D3-BF4B-00C04F79EFBC}") = "RoslynPadEditor", "RoslynPadEditor\RoslynPadEditor.csproj", "{E997C3FE-2A59-4D77-BF7E-C8F534708131}"
EndProject
Global
	GlobalSection(SolutionConfigurationPlatforms) = preSolution
		Debug|Any CPU = Debug|Any CPU
		Release|Any CPU = Release|Any CPU
	EndGlobalSection
	GlobalSection(ProjectConfigurationPlatforms) = postSolution
		{E997C3FE-2A59-4D77-BF7E-C8F534708131}.Debug|Any CPU.ActiveCfg = Debug|Any CPU
		{E997C3FE-2A59-4D77-BF7E-C8F534708131}.Debug|Any CPU.Build.0 = Debug|Any CPU
		{E997C3FE-2A59-4D77-BF7E-C8F534708131}.Release|Any CPU.ActiveCfg = Release|Any CPU
		{E997C3FE-2A59-4D77-BF7E-C8F534708131}.Release|Any CPU.Build.0 = Release|Any CPU
	EndGlobalSection
	GlobalSection(SolutionProperties) = preSolution
		HideSolutionNode = FALSE
	EndGlobalSection
	GlobalSection(ExtensibilityGlobals) = postSolution
		SolutionGuid = {29BF978D-DB22-4864-9D60-4F5469F2B0EA}
	EndGlobalSection
EndGlobal
